
Microsoft Visual Studio Solution File, Format Version 12.00
# Visual Studio 2012
Project("{FAE04EC0-301F-11D3-BF4B-00C04F79EFBC}") = "ShoppingService", "ShoppingService\ShoppingService.csproj", "{C119570F-E45D-4C99-820D-3973808188EC}"
EndProject
Project("{FAE04EC0-301F-11D3-BF4B-00C04F79EFBC}") = "ShoppingService.Tests", "ShoppingService.Tests\ShoppingService.Tests.csproj", "{50B6DC07-C692-4E8C-B275-E60068318AA4}"
EndProject
Global
	GlobalSection(SolutionConfigurationPlatforms) = preSolution
		Debug|Any CPU = Debug|Any CPU
		Release|Any CPU = Release|Any CPU
	EndGlobalSection
	GlobalSection(ProjectConfigurationPlatforms) = postSolution
		{C119570F-E45D-4C99-820D-3973808188EC}.Debug|Any CPU.ActiveCfg = Debug|Any CPU
		{C119570F-E45D-4C99-820D-3973808188EC}.Debug|Any CPU.Build.0 = Debug|Any CPU
		{C119570F-E45D-4C99-820D-3973808188EC}.Release|Any CPU.ActiveCfg = Release|Any CPU
		{C119570F-E45D-4C99-820D-3973808188EC}.Release|Any CPU.Build.0 = Release|Any CPU
		{50B6DC07-C692-4E8C-B275-E60068318AA4}.Debug|Any CPU.ActiveCfg = Debug|Any CPU
		{50B6DC07-C692-4E8C-B275-E60068318AA4}.Debug|Any CPU.Build.0 = Debug|Any CPU
		{50B6DC07-C692-4E8C-B275-E60068318AA4}.Release|Any CPU.ActiveCfg = Release|Any CPU
		{50B6DC07-C692-4E8C-B275-E60068318AA4}.Release|Any CPU.Build.0 = Release|Any CPU
	EndGlobalSection
	GlobalSection(SolutionProperties) = preSolution
		HideSolutionNode = FALSE
	EndGlobalSection
EndGlobal
