
Microsoft Visual Studio Solution File, Format Version 12.00
# Visual Studio 2012
Project("{FAE04EC0-301F-11D3-BF4B-00C04F79EFBC}") = "PaymentServiceFixture", "PaymentServiceFixture\PaymentServiceFixture.csproj", "{1D8A1C76-5992-45C8-8EE8-27C37FEA4CAA}"
EndProject
Project("{FAE04EC0-301F-11D3-BF4B-00C04F79EFBC}") = "PaymentService", "PaymentService\PaymentService.csproj", "{C4CDEF76-3C14-4340-812B-DDF05596C3FF}"
EndProject
Global
	GlobalSection(SolutionConfigurationPlatforms) = preSolution
		Debug|Any CPU = Debug|Any CPU
		Release|Any CPU = Release|Any CPU
	EndGlobalSection
	GlobalSection(ProjectConfigurationPlatforms) = postSolution
		{1D8A1C76-5992-45C8-8EE8-27C37FEA4CAA}.Debug|Any CPU.ActiveCfg = Debug|Any CPU
		{1D8A1C76-5992-45C8-8EE8-27C37FEA4CAA}.Debug|Any CPU.Build.0 = Debug|Any CPU
		{1D8A1C76-5992-45C8-8EE8-27C37FEA4CAA}.Release|Any CPU.ActiveCfg = Release|Any CPU
		{1D8A1C76-5992-45C8-8EE8-27C37FEA4CAA}.Release|Any CPU.Build.0 = Release|Any CPU
		{C4CDEF76-3C14-4340-812B-DDF05596C3FF}.Debug|Any CPU.ActiveCfg = Debug|Any CPU
		{C4CDEF76-3C14-4340-812B-DDF05596C3FF}.Debug|Any CPU.Build.0 = Debug|Any CPU
		{C4CDEF76-3C14-4340-812B-DDF05596C3FF}.Release|Any CPU.ActiveCfg = Release|Any CPU
		{C4CDEF76-3C14-4340-812B-DDF05596C3FF}.Release|Any CPU.Build.0 = Release|Any CPU
	EndGlobalSection
	GlobalSection(SolutionProperties) = preSolution
		HideSolutionNode = FALSE
	EndGlobalSection
EndGlobal
